// !$*UTF8*$!
{
	archiveVersion = 1;
	classes = {
	};
	objectVersion = 56;
	objects = {

/* Begin PBXBuildFile section */
		2000D0B42D649D6C00B31277 /* Server.swift in Sources */ = {isa = PBXBuildFile; fileRef = 2000D0B32D649D6C00B31277 /* Server.swift */; };
		2000D0B62D649EBB00B31277 /* Codable+Helper.swift in Sources */ = {isa = PBXBuildFile; fileRef = 2000D0B52D649EBB00B31277 /* Codable+Helper.swift */; };
		2000D0B82D649EED00B31277 /* KeyedDecodingContainer+Extension.swift in Sources */ = {isa = PBXBuildFile; fileRef = 2000D0B72D649EED00B31277 /* KeyedDecodingContainer+Extension.swift */; };
		2000D0BA2D649FDD00B31277 /* LotteryResultView.swift in Sources */ = {isa = PBXBuildFile; fileRef = 2000D0B92D649FDD00B31277 /* LotteryResultView.swift */; };
		20D87AA22D620E1000900FF0 /* LotteryDrawApp.swift in Sources */ = {isa = PBXBuildFile; fileRef = 20D87AA12D620E1000900FF0 /* LotteryDrawApp.swift */; };
		20D87AA62D620E1100900FF0 /* Assets.xcassets in Resources */ = {isa = PBXBuildFile; fileRef = 20D87AA52D620E1100900FF0 /* Assets.xcassets */; };
		20D87AA92D620E1100900FF0 /* Preview Assets.xcassets in Resources */ = {isa = PBXBuildFile; fileRef = 20D87AA82D620E1100900FF0 /* Preview Assets.xcassets */; };
		20D87AB02D620F5800900FF0 /* ContentView.swift in Sources */ = {isa = PBXBuildFile; fileRef = 20D87AAF2D620F5800900FF0 /* ContentView.swift */; };
		20D87AB42D620F7400900FF0 /* MutilRandomNumberView.swift in Sources */ = {isa = PBXBuildFile; fileRef = 20D87AB32D620F7400900FF0 /* MutilRandomNumberView.swift */; };
		20D87AB72D634AA100900FF0 /* LotteryRecordManager.swift in Sources */ = {isa = PBXBuildFile; fileRef = 20D87AB52D634AA100900FF0 /* LotteryRecordManager.swift */; };
		20D87AB82D634AA100900FF0 /* LotteryRecord.swift in Sources */ = {isa = PBXBuildFile; fileRef = 20D87AB62D634AA100900FF0 /* LotteryRecord.swift */; };
		20D87ABA2D634B4B00900FF0 /* HistoryView.swift in Sources */ = {isa = PBXBuildFile; fileRef = 20D87AB92D634B4B00900FF0 /* HistoryView.swift */; };
		20D87ABC2D635EDA00900FF0 /* LuckyNumberView.swift in Sources */ = {isa = PBXBuildFile; fileRef = 20D87ABB2D635EDA00900FF0 /* LuckyNumberView.swift */; };
		20D87ABE2D63690400900FF0 /* DiceView.swift in Sources */ = {isa = PBXBuildFile; fileRef = 20D87ABD2D63690300900FF0 /* DiceView.swift */; };
		20D87AC02D638C6800900FF0 /* dice.usdz in Resources */ = {isa = PBXBuildFile; fileRef = 20D87ABF2D638C6800900FF0 /* dice.usdz */; };
		356063B34201A7A30A6434F8 /* Pods_LotteryDraw.framework in Frameworks */ = {isa = PBXBuildFile; fileRef = DE0CA76664EB4500AEDFF08B /* Pods_LotteryDraw.framework */; };
/* End PBXBuildFile section */

/* Begin PBXFileReference section */
		2000D0B32D649D6C00B31277 /* Server.swift */ = {isa = PBXFileReference; lastKnownFileType = sourcecode.swift; path = Server.swift; sourceTree = "<group>"; };
		2000D0B52D649EBB00B31277 /* Codable+Helper.swift */ = {isa = PBXFileReference; lastKnownFileType = sourcecode.swift; path = "Codable+Helper.swift"; sourceTree = "<group>"; };
		2000D0B72D649EED00B31277 /* KeyedDecodingContainer+Extension.swift */ = {isa = PBXFileReference; fileEncoding = 4; lastKnownFileType = sourcecode.swift; path = "KeyedDecodingContainer+Extension.swift"; sourceTree = "<group>"; };
		2000D0B92D649FDD00B31277 /* LotteryResultView.swift */ = {isa = PBXFileReference; fileEncoding = 4; lastKnownFileType = sourcecode.swift; path = LotteryResultView.swift; sourceTree = "<group>"; };
		20D87A9E2D620E1000900FF0 /* LotteryDraw.app */ = {isa = PBXFileReference; explicitFileType = wrapper.application; includeInIndex = 0; path = LotteryDraw.app; sourceTree = BUILT_PRODUCTS_DIR; };
		20D87AA12D620E1000900FF0 /* LotteryDrawApp.swift */ = {isa = PBXFileReference; lastKnownFileType = sourcecode.swift; path = LotteryDrawApp.swift; sourceTree = "<group>"; };
		20D87AA52D620E1100900FF0 /* Assets.xcassets */ = {isa = PBXFileReference; lastKnownFileType = folder.assetcatalog; path = Assets.xcassets; sourceTree = "<group>"; };
		20D87AA82D620E1100900FF0 /* Preview Assets.xcassets */ = {isa = PBXFileReference; lastKnownFileType = folder.assetcatalog; path = "Preview Assets.xcassets"; sourceTree = "<group>"; };
		20D87AAF2D620F5800900FF0 /* ContentView.swift */ = {isa = PBXFileReference; fileEncoding = 4; lastKnownFileType = sourcecode.swift; path = ContentView.swift; sourceTree = "<group>"; };
		20D87AB32D620F7400900FF0 /* MutilRandomNumberView.swift */ = {isa = PBXFileReference; fileEncoding = 4; lastKnownFileType = sourcecode.swift; path = MutilRandomNumberView.swift; sourceTree = "<group>"; };
		20D87AB52D634AA100900FF0 /* LotteryRecordManager.swift */ = {isa = PBXFileReference; fileEncoding = 4; lastKnownFileType = sourcecode.swift; path = LotteryRecordManager.swift; sourceTree = "<group>"; };
		20D87AB62D634AA100900FF0 /* LotteryRecord.swift */ = {isa = PBXFileReference; fileEncoding = 4; lastKnownFileType = sourcecode.swift; path = LotteryRecord.swift; sourceTree = "<group>"; };
		20D87AB92D634B4B00900FF0 /* HistoryView.swift */ = {isa = PBXFileReference; fileEncoding = 4; lastKnownFileType = sourcecode.swift; path = HistoryView.swift; sourceTree = "<group>"; };
		20D87ABB2D635EDA00900FF0 /* LuckyNumberView.swift */ = {isa = PBXFileReference; fileEncoding = 4; lastKnownFileType = sourcecode.swift; path = LuckyNumberView.swift; sourceTree = "<group>"; };
		20D87ABD2D63690300900FF0 /* DiceView.swift */ = {isa = PBXFileReference; fileEncoding = 4; lastKnownFileType = sourcecode.swift; path = DiceView.swift; sourceTree = "<group>"; };
		20D87ABF2D638C6800900FF0 /* dice.usdz */ = {isa = PBXFileReference; lastKnownFileType = file.usdz; path = dice.usdz; sourceTree = "<group>"; };
		3807059F9F6383452DD22125 /* Pods-LotteryDraw.release.xcconfig */ = {isa = PBXFileReference; includeInIndex = 1; lastKnownFileType = text.xcconfig; name = "Pods-LotteryDraw.release.xcconfig"; path = "Target Support Files/Pods-LotteryDraw/Pods-LotteryDraw.release.xcconfig"; sourceTree = "<group>"; };
		C74E7077541C731FB54BDD0F /* Pods-LotteryDraw.debug.xcconfig */ = {isa = PBXFileReference; includeInIndex = 1; lastKnownFileType = text.xcconfig; name = "Pods-LotteryDraw.debug.xcconfig"; path = "Target Support Files/Pods-LotteryDraw/Pods-LotteryDraw.debug.xcconfig"; sourceTree = "<group>"; };
		DE0CA76664EB4500AEDFF08B /* Pods_LotteryDraw.framework */ = {isa = PBXFileReference; explicitFileType = wrapper.framework; includeInIndex = 0; path = Pods_LotteryDraw.framework; sourceTree = BUILT_PRODUCTS_DIR; };
/* End PBXFileReference section */

/* Begin PBXFrameworksBuildPhase section */
		20D87A9B2D620E1000900FF0 /* Frameworks */ = {
			isa = PBXFrameworksBuildPhase;
			buildActionMask = 2147483647;
			files = (
				356063B34201A7A30A6434F8 /* Pods_LotteryDraw.framework in Frameworks */,
			);
			runOnlyForDeploymentPostprocessing = 0;
		};
/* End PBXFrameworksBuildPhase section */

/* Begin PBXGroup section */
		20D87A952D620E0F00900FF0 = {
			isa = PBXGroup;
			children = (
				20D87AA02D620E1000900FF0 /* LotteryDraw */,
				20D87A9F2D620E1000900FF0 /* Products */,
				B83685F5E0CB93069047D5D1 /* Pods */,
				9914008CB5222C082982ACEF /* Frameworks */,
			);
			sourceTree = "<group>";
		};
		20D87A9F2D620E1000900FF0 /* Products */ = {
			isa = PBXGroup;
			children = (
				20D87A9E2D620E1000900FF0 /* LotteryDraw.app */,
			);
			name = Products;
			sourceTree = "<group>";
		};
		20D87AA02D620E1000900FF0 /* LotteryDraw */ = {
			isa = PBXGroup;
			children = (
				20D87AA12D620E1000900FF0 /* LotteryDrawApp.swift */,
				20D87AAF2D620F5800900FF0 /* ContentView.swift */,
				20D87ABD2D63690300900FF0 /* DiceView.swift */,
				20D87AB92D634B4B00900FF0 /* HistoryView.swift */,
				20D87AB62D634AA100900FF0 /* LotteryRecord.swift */,
				20D87AB52D634AA100900FF0 /* LotteryRecordManager.swift */,
				2000D0B92D649FDD00B31277 /* LotteryResultView.swift */,
				20D87ABB2D635EDA00900FF0 /* LuckyNumberView.swift */,
				20D87AB32D620F7400900FF0 /* MutilRandomNumberView.swift */,
				2000D0B32D649D6C00B31277 /* Server.swift */,
				2000D0B52D649EBB00B31277 /* Codable+Helper.swift */,
				2000D0B72D649EED00B31277 /* KeyedDecodingContainer+Extension.swift */,
				20D87ABF2D638C6800900FF0 /* dice.usdz */,
				20D87AA52D620E1100900FF0 /* Assets.xcassets */,
				20D87AA72D620E1100900FF0 /* Preview Content */,
			);
			path = LotteryDraw;
			sourceTree = "<group>";
		};
		20D87AA72D620E1100900FF0 /* Preview Content */ = {
			isa = PBXGroup;
			children = (
				20D87AA82D620E1100900FF0 /* Preview Assets.xcassets */,
			);
			path = "Preview Content";
			sourceTree = "<group>";
		};
		9914008CB5222C082982ACEF /* Frameworks */ = {
			isa = PBXGroup;
			children = (
				DE0CA76664EB4500AEDFF08B /* Pods_LotteryDraw.framework */,
			);
			name = Frameworks;
			sourceTree = "<group>";
		};
		B83685F5E0CB93069047D5D1 /* Pods */ = {
			isa = PBXGroup;
			children = (
				C74E7077541C731FB54BDD0F /* Pods-LotteryDraw.debug.xcconfig */,
				3807059F9F6383452DD22125 /* Pods-LotteryDraw.release.xcconfig */,
			);
			path = Pods;
			sourceTree = "<group>";
		};
/* End PBXGroup section */

/* Begin PBXNativeTarget section */
		20D87A9D2D620E1000900FF0 /* LotteryDraw */ = {
			isa = PBXNativeTarget;
			buildConfigurationList = 20D87AAC2D620E1100900FF0 /* Build configuration list for PBXNativeTarget "LotteryDraw" */;
			buildPhases = (
				A495DAEDD85E618DD6DC88C1 /* [CP] Check Pods Manifest.lock */,
				20D87A9A2D620E1000900FF0 /* Sources */,
				20D87A9B2D620E1000900FF0 /* Frameworks */,
				20D87A9C2D620E1000900FF0 /* Resources */,
			);
			buildRules = (
			);
			dependencies = (
			);
			name = LotteryDraw;
			productName = LotteryDraw;
			productReference = 20D87A9E2D620E1000900FF0 /* LotteryDraw.app */;
			productType = "com.apple.product-type.application";
		};
/* End PBXNativeTarget section */

/* Begin PBXProject section */
		20D87A962D620E0F00900FF0 /* Project object */ = {
			isa = PBXProject;
			attributes = {
				BuildIndependentTargetsInParallel = 1;
				LastSwiftUpdateCheck = 1540;
				LastUpgradeCheck = 1540;
				TargetAttributes = {
					20D87A9D2D620E1000900FF0 = {
						CreatedOnToolsVersion = 15.4;
					};
				};
			};
			buildConfigurationList = 20D87A992D620E0F00900FF0 /* Build configuration list for PBXProject "LotteryDraw" */;
			compatibilityVersion = "Xcode 14.0";
			developmentRegion = en;
			hasScannedForEncodings = 0;
			knownRegions = (
				en,
				Base,
			);
			mainGroup = 20D87A952D620E0F00900FF0;
			productRefGroup = 20D87A9F2D620E1000900FF0 /* Products */;
			projectDirPath = "";
			projectRoot = "";
			targets = (
				20D87A9D2D620E1000900FF0 /* LotteryDraw */,
			);
		};
/* End PBXProject section */

/* Begin PBXResourcesBuildPhase section */
		20D87A9C2D620E1000900FF0 /* Resources */ = {
			isa = PBXResourcesBuildPhase;
			buildActionMask = 2147483647;
			files = (
				20D87AA92D620E1100900FF0 /* Preview Assets.xcassets in Resources */,
				20D87AC02D638C6800900FF0 /* dice.usdz in Resources */,
				20D87AA62D620E1100900FF0 /* Assets.xcassets in Resources */,
			);
			runOnlyForDeploymentPostprocessing = 0;
		};
/* End PBXResourcesBuildPhase section */

/* Begin PBXShellScriptBuildPhase section */
		A495DAEDD85E618DD6DC88C1 /* [CP] Check Pods Manifest.lock */ = {
			isa = PBXShellScriptBuildPhase;
			buildActionMask = 2147483647;
			files = (
			);
			inputFileListPaths = (
			);
			inputPaths = (
				"${PODS_PODFILE_DIR_PATH}/Podfile.lock",
				"${PODS_ROOT}/Manifest.lock",
			);
			name = "[CP] Check Pods Manifest.lock";
			outputFileListPaths = (
			);
			outputPaths = (
				"$(DERIVED_FILE_DIR)/Pods-LotteryDraw-checkManifestLockResult.txt",
			);
			runOnlyForDeploymentPostprocessing = 0;
			shellPath = /bin/sh;
			shellScript = "diff \"${PODS_PODFILE_DIR_PATH}/Podfile.lock\" \"${PODS_ROOT}/Manifest.lock\" > /dev/null\nif [ $? != 0 ] ; then\n    # print error to STDERR\n    echo \"error: The sandbox is not in sync with the Podfile.lock. Run 'pod install' or update your CocoaPods installation.\" >&2\n    exit 1\nfi\n# This output is used by Xcode 'outputs' to avoid re-running this script phase.\necho \"SUCCESS\" > \"${SCRIPT_OUTPUT_FILE_0}\"\n";
			showEnvVarsInLog = 0;
		};
/* End PBXShellScriptBuildPhase section */

/* Begin PBXSourcesBuildPhase section */
		20D87A9A2D620E1000900FF0 /* Sources */ = {
			isa = PBXSourcesBuildPhase;
			buildActionMask = 2147483647;
			files = (
				20D87ABA2D634B4B00900FF0 /* HistoryView.swift in Sources */,
				20D87ABE2D63690400900FF0 /* DiceView.swift in Sources */,
				2000D0B62D649EBB00B31277 /* Codable+Helper.swift in Sources */,
				20D87AA22D620E1000900FF0 /* LotteryDrawApp.swift in Sources */,
				20D87AB42D620F7400900FF0 /* MutilRandomNumberView.swift in Sources */,
				20D87AB72D634AA100900FF0 /* LotteryRecordManager.swift in Sources */,
				20D87AB82D634AA100900FF0 /* LotteryRecord.swift in Sources */,
				20D87ABC2D635EDA00900FF0 /* LuckyNumberView.swift in Sources */,
				2000D0B82D649EED00B31277 /* KeyedDecodingContainer+Extension.swift in Sources */,
				2000D0B42D649D6C00B31277 /* Server.swift in Sources */,
				20D87AB02D620F5800900FF0 /* ContentView.swift in Sources */,
				2000D0BA2D649FDD00B31277 /* LotteryResultView.swift in Sources */,
			);
			runOnlyForDeploymentPostprocessing = 0;
		};
/* End PBXSourcesBuildPhase section */

/* Begin XCBuildConfiguration section */
		20D87AAA2D620E1100900FF0 /* Debug */ = {
			isa = XCBuildConfiguration;
			buildSettings = {
				ALWAYS_SEARCH_USER_PATHS = NO;
				ASSETCATALOG_COMPILER_GENERATE_SWIFT_ASSET_SYMBOL_EXTENSIONS = YES;
				CLANG_ANALYZER_NONNULL = YES;
				CLANG_ANALYZER_NUMBER_OBJECT_CONVERSION = YES_AGGRESSIVE;
				CLANG_CXX_LANGUAGE_STANDARD = "gnu++20";
				CLANG_ENABLE_MODULES = YES;
				CLANG_ENABLE_OBJC_ARC = YES;
				CLANG_ENABLE_OBJC_WEAK = YES;
				CLANG_WARN_BLOCK_CAPTURE_AUTORELEASING = YES;
				CLANG_WARN_BOOL_CONVERSION = YES;
				CLANG_WARN_COMMA = YES;
				CLANG_WARN_CONSTANT_CONVERSION = YES;
				CLANG_WARN_DEPRECATED_OBJC_IMPLEMENTATIONS = YES;
				CLANG_WARN_DIRECT_OBJC_ISA_USAGE = YES_ERROR;
				CLANG_WARN_DOCUMENTATION_COMMENTS = YES;
				CLANG_WARN_EMPTY_BODY = YES;
				CLANG_WARN_ENUM_CONVERSION = YES;
				CLANG_WARN_INFINITE_RECURSION = YES;
				CLANG_WARN_INT_CONVERSION = YES;
				CLANG_WARN_NON_LITERAL_NULL_CONVERSION = YES;
				CLANG_WARN_OBJC_IMPLICIT_RETAIN_SELF = YES;
				CLANG_WARN_OBJC_LITERAL_CONVERSION = YES;
				CLANG_WARN_OBJC_ROOT_CLASS = YES_ERROR;
				CLANG_WARN_QUOTED_INCLUDE_IN_FRAMEWORK_HEADER = YES;
				CLANG_WARN_RANGE_LOOP_ANALYSIS = YES;
				CLANG_WARN_STRICT_PROTOTYPES = YES;
				CLANG_WARN_SUSPICIOUS_MOVE = YES;
				CLANG_WARN_UNGUARDED_AVAILABILITY = YES_AGGRESSIVE;
				CLANG_WARN_UNREACHABLE_CODE = YES;
				CLANG_WARN__DUPLICATE_METHOD_MATCH = YES;
				COPY_PHASE_STRIP = NO;
				DEBUG_INFORMATION_FORMAT = dwarf;
				ENABLE_STRICT_OBJC_MSGSEND = YES;
				ENABLE_TESTABILITY = YES;
				ENABLE_USER_SCRIPT_SANDBOXING = YES;
				GCC_C_LANGUAGE_STANDARD = gnu17;
				GCC_DYNAMIC_NO_PIC = NO;
				GCC_NO_COMMON_BLOCKS = YES;
				GCC_OPTIMIZATION_LEVEL = 0;
				GCC_PREPROCESSOR_DEFINITIONS = (
					"DEBUG=1",
					"$(inherited)",
				);
				GCC_WARN_64_TO_32_BIT_CONVERSION = YES;
				GCC_WARN_ABOUT_RETURN_TYPE = YES_ERROR;
				GCC_WARN_UNDECLARED_SELECTOR = YES;
				GCC_WARN_UNINITIALIZED_AUTOS = YES_AGGRESSIVE;
				GCC_WARN_UNUSED_FUNCTION = YES;
				GCC_WARN_UNUSED_VARIABLE = YES;
				IPHONEOS_DEPLOYMENT_TARGET = 17.5;
				LOCALIZATION_PREFERS_STRING_CATALOGS = YES;
				MTL_ENABLE_DEBUG_INFO = INCLUDE_SOURCE;
				MTL_FAST_MATH = YES;
				ONLY_ACTIVE_ARCH = YES;
				SDKROOT = iphoneos;
				SWIFT_ACTIVE_COMPILATION_CONDITIONS = "DEBUG $(inherited)";
				SWIFT_OPTIMIZATION_LEVEL = "-Onone";
			};
			name = Debug;
		};
		20D87AAB2D620E1100900FF0 /* Release */ = {
			isa = XCBuildConfiguration;
			buildSettings = {
				ALWAYS_SEARCH_USER_PATHS = NO;
				ASSETCATALOG_COMPILER_GENERATE_SWIFT_ASSET_SYMBOL_EXTENSIONS = YES;
				CLANG_ANALYZER_NONNULL = YES;
				CLANG_ANALYZER_NUMBER_OBJECT_CONVERSION = YES_AGGRESSIVE;
				CLANG_CXX_LANGUAGE_STANDARD = "gnu++20";
				CLANG_ENABLE_MODULES = YES;
				CLANG_ENABLE_OBJC_ARC = YES;
				CLANG_ENABLE_OBJC_WEAK = YES;
				CLANG_WARN_BLOCK_CAPTURE_AUTORELEASING = YES;
				CLANG_WARN_BOOL_CONVERSION = YES;
				CLANG_WARN_COMMA = YES;
				CLANG_WARN_CONSTANT_CONVERSION = YES;
				CLANG_WARN_DEPRECATED_OBJC_IMPLEMENTATIONS = YES;
				CLANG_WARN_DIRECT_OBJC_ISA_USAGE = YES_ERROR;
				CLANG_WARN_DOCUMENTATION_COMMENTS = YES;
				CLANG_WARN_EMPTY_BODY = YES;
				CLANG_WARN_ENUM_CONVERSION = YES;
				CLANG_WARN_INFINITE_RECURSION = YES;
				CLANG_WARN_INT_CONVERSION = YES;
				CLANG_WARN_NON_LITERAL_NULL_CONVERSION = YES;
				CLANG_WARN_OBJC_IMPLICIT_RETAIN_SELF = YES;
				CLANG_WARN_OBJC_LITERAL_CONVERSION = YES;
				CLANG_WARN_OBJC_ROOT_CLASS = YES_ERROR;
				CLANG_WARN_QUOTED_INCLUDE_IN_FRAMEWORK_HEADER = YES;
				CLANG_WARN_RANGE_LOOP_ANALYSIS = YES;
				CLANG_WARN_STRICT_PROTOTYPES = YES;
				CLANG_WARN_SUSPICIOUS_MOVE = YES;
				CLANG_WARN_UNGUARDED_AVAILABILITY = YES_AGGRESSIVE;
				CLANG_WARN_UNREACHABLE_CODE = YES;
				CLANG_WARN__DUPLICATE_METHOD_MATCH = YES;
				COPY_PHASE_STRIP = NO;
				DEBUG_INFORMATION_FORMAT = "dwarf-with-dsym";
				ENABLE_NS_ASSERTIONS = NO;
				ENABLE_STRICT_OBJC_MSGSEND = YES;
				ENABLE_USER_SCRIPT_SANDBOXING = YES;
				GCC_C_LANGUAGE_STANDARD = gnu17;
				GCC_NO_COMMON_BLOCKS = YES;
				GCC_WARN_64_TO_32_BIT_CONVERSION = YES;
				GCC_WARN_ABOUT_RETURN_TYPE = YES_ERROR;
				GCC_WARN_UNDECLARED_SELECTOR = YES;
				GCC_WARN_UNINITIALIZED_AUTOS = YES_AGGRESSIVE;
				GCC_WARN_UNUSED_FUNCTION = YES;
				GCC_WARN_UNUSED_VARIABLE = YES;
				IPHONEOS_DEPLOYMENT_TARGET = 17.5;
				LOCALIZATION_PREFERS_STRING_CATALOGS = YES;
				MTL_ENABLE_DEBUG_INFO = NO;
				MTL_FAST_MATH = YES;
				SDKROOT = iphoneos;
				SWIFT_COMPILATION_MODE = wholemodule;
				VALIDATE_PRODUCT = YES;
			};
			name = Release;
		};
		20D87AAD2D620E1100900FF0 /* Debug */ = {
			isa = XCBuildConfiguration;
			baseConfigurationReference = C74E7077541C731FB54BDD0F /* Pods-LotteryDraw.debug.xcconfig */;
			buildSettings = {
				ASSETCATALOG_COMPILER_APPICON_NAME = AppIcon;
				ASSETCATALOG_COMPILER_GLOBAL_ACCENT_COLOR_NAME = AccentColor;
				CODE_SIGN_STYLE = Automatic;
				CURRENT_PROJECT_VERSION = 1;
				DEVELOPMENT_ASSET_PATHS = "\"LotteryDraw/Preview Content\"";
				DEVELOPMENT_TEAM = EVG8QY6QFT;
				ENABLE_PREVIEWS = YES;
				GENERATE_INFOPLIST_FILE = YES;
				INFOPLIST_KEY_UIApplicationSceneManifest_Generation = YES;
				INFOPLIST_KEY_UIApplicationSupportsIndirectInputEvents = YES;
				INFOPLIST_KEY_UILaunchScreen_Generation = YES;
				INFOPLIST_KEY_UISupportedInterfaceOrientations_iPad = "UIInterfaceOrientationPortrait UIInterfaceOrientationPortraitUpsideDown UIInterfaceOrientationLandscapeLeft UIInterfaceOrientationLandscapeRight";
				INFOPLIST_KEY_UISupportedInterfaceOrientations_iPhone = "UIInterfaceOrientationPortrait UIInterfaceOrientationLandscapeLeft UIInterfaceOrientationLandscapeRight";
				LD_RUNPATH_SEARCH_PATHS = (
					"$(inherited)",
					"@executable_path/Frameworks",
				);
				MARKETING_VERSION = 1.0;
				PRODUCT_BUNDLE_IDENTIFIER = evan.com.LotteryDraw;
				PRODUCT_NAME = "$(TARGET_NAME)";
				SWIFT_EMIT_LOC_STRINGS = YES;
				SWIFT_VERSION = 5.0;
				TARGETED_DEVICE_FAMILY = "1,2";
			};
			name = Debug;
		};
		20D87AAE2D620E1100900FF0 /* Release */ = {
			isa = XCBuildConfiguration;
			baseConfigurationReference = 3807059F9F6383452DD22125 /* Pods-LotteryDraw.release.xcconfig */;
			buildSettings = {
				ASSETCATALOG_COMPILER_APPICON_NAME = AppIcon;
				ASSETCATALOG_COMPILER_GLOBAL_ACCENT_COLOR_NAME = AccentColor;
				CODE_SIGN_STYLE = Automatic;
				CURRENT_PROJECT_VERSION = 1;
				DEVELOPMENT_ASSET_PATHS = "\"LotteryDraw/Preview Content\"";
				DEVELOPMENT_TEAM = EVG8QY6QFT;
				ENABLE_PREVIEWS = YES;
				GENERATE_INFOPLIST_FILE = YES;
				INFOPLIST_KEY_UIApplicationSceneManifest_Generation = YES;
				INFOPLIST_KEY_UIApplicationSupportsIndirectInputEvents = YES;
				INFOPLIST_KEY_UILaunchScreen_Generation = YES;
				INFOPLIST_KEY_UISupportedInterfaceOrientations_iPad = "UIInterfaceOrientationPortrait UIInterfaceOrientationPortraitUpsideDown UIInterfaceOrientationLandscapeLeft UIInterfaceOrientationLandscapeRight";
				INFOPLIST_KEY_UISupportedInterfaceOrientations_iPhone = "UIInterfaceOrientationPortrait UIInterfaceOrientationLandscapeLeft UIInterfaceOrientationLandscapeRight";
				LD_RUNPATH_SEARCH_PATHS = (
					"$(inherited)",
					"@executable_path/Frameworks",
				);
				MARKETING_VERSION = 1.0;
				PRODUCT_BUNDLE_IDENTIFIER = evan.com.LotteryDraw;
				PRODUCT_NAME = "$(TARGET_NAME)";
				SWIFT_EMIT_LOC_STRINGS = YES;
				SWIFT_VERSION = 5.0;
				TARGETED_DEVICE_FAMILY = "1,2";
			};
			name = Release;
		};
/* End XCBuildConfiguration section */

/* Begin XCConfigurationList section */
		20D87A992D620E0F00900FF0 /* Build configuration list for PBXProject "LotteryDraw" */ = {
			isa = XCConfigurationList;
			buildConfigurations = (
				20D87AAA2D620E1100900FF0 /* Debug */,
				20D87AAB2D620E1100900FF0 /* Release */,
			);
			defaultConfigurationIsVisible = 0;
			defaultConfigurationName = Release;
		};
		20D87AAC2D620E1100900FF0 /* Build configuration list for PBXNativeTarget "LotteryDraw" */ = {
			isa = XCConfigurationList;
			buildConfigurations = (
				20D87AAD2D620E1100900FF0 /* Debug */,
				20D87AAE2D620E1100900FF0 /* Release */,
			);
			defaultConfigurationIsVisible = 0;
			defaultConfigurationName = Release;
		};
/* End XCConfigurationList section */
	};
	rootObject = 20D87A962D620E0F00900FF0 /* Project object */;
}
